
Microsoft Visual Studio Solution File, Format Version 12.00
# Visual Studio Version 17
VisualStudioVersion = 17.3.32819.101
MinimumVisualStudioVersion = 10.0.40219.1
Project("{FAE04EC0-301F-11D3-BF4B-00C04F79EFBC}") = "upp2", "upp2.csproj", "{4D75963A-88E8-42C3-8FC4-09520A8C677E}"
EndProject
Global
	GlobalSection(SolutionConfigurationPlatforms) = preSolution
		Debug|Any CPU = Debug|Any CPU
		Release|Any CPU = Release|Any CPU
	EndGlobalSection
	GlobalSection(ProjectConfigurationPlatforms) = postSolution
		{4D75963A-88E8-42C3-8FC4-09520A8C677E}.Debug|Any CPU.ActiveCfg = Debug|Any CPU
		{4D75963A-88E8-42C3-8FC4-09520A8C677E}.Debug|Any CPU.Build.0 = Debug|Any CPU
		{4D75963A-88E8-42C3-8FC4-09520A8C677E}.Release|Any CPU.ActiveCfg = Release|Any CPU
		{4D75963A-88E8-42C3-8FC4-09520A8C677E}.Release|Any CPU.Build.0 = Release|Any CPU
	EndGlobalSection
	GlobalSection(SolutionProperties) = preSolution
		HideSolutionNode = FALSE
	EndGlobalSection
	GlobalSection(ExtensibilityGlobals) = postSolution
		SolutionGuid = {CDBAC1A0-2FFD-4474-9569-2C8ACA83A560}
	EndGlobalSection
EndGlobal
